
Microsoft Visual Studio Solution File, Format Version 12.00
Project("{FAE04EC0-301F-11D3-BF4B-00C04F79EFBC}") = "TagsCloudTests", "TagsCloudTests\TagsCloudTests.csproj", "{31B0729B-3264-4753-A918-347EB8A82EB6}"
EndProject
Project("{FAE04EC0-301F-11D3-BF4B-00C04F79EFBC}") = "TagsCloudContainerCore", "TagsCloudContainerCore\TagsCloudContainerCore.csproj", "{CFC8C9BF-25D4-4757-B1F8-52A7FED5368D}"
EndProject
Project("{FAE04EC0-301F-11D3-BF4B-00C04F79EFBC}") = "TagsCloudContainerCLI", "TagsCloudContainerCLI\TagsCloudContainerCLI.csproj", "{C62A8C76-3C40-4485-A7FA-1073CB3A31E6}"
EndProject
Global
	GlobalSection(SolutionConfigurationPlatforms) = preSolution
		Debug|Any CPU = Debug|Any CPU
		Release|Any CPU = Release|Any CPU
	EndGlobalSection
	GlobalSection(ProjectConfigurationPlatforms) = postSolution
		{31B0729B-3264-4753-A918-347EB8A82EB6}.Debug|Any CPU.ActiveCfg = Debug|Any CPU
		{31B0729B-3264-4753-A918-347EB8A82EB6}.Debug|Any CPU.Build.0 = Debug|Any CPU
		{31B0729B-3264-4753-A918-347EB8A82EB6}.Release|Any CPU.ActiveCfg = Release|Any CPU
		{31B0729B-3264-4753-A918-347EB8A82EB6}.Release|Any CPU.Build.0 = Release|Any CPU
		{CFC8C9BF-25D4-4757-B1F8-52A7FED5368D}.Debug|Any CPU.ActiveCfg = Debug|Any CPU
		{CFC8C9BF-25D4-4757-B1F8-52A7FED5368D}.Debug|Any CPU.Build.0 = Debug|Any CPU
		{CFC8C9BF-25D4-4757-B1F8-52A7FED5368D}.Release|Any CPU.ActiveCfg = Release|Any CPU
		{CFC8C9BF-25D4-4757-B1F8-52A7FED5368D}.Release|Any CPU.Build.0 = Release|Any CPU
		{C62A8C76-3C40-4485-A7FA-1073CB3A31E6}.Debug|Any CPU.ActiveCfg = Debug|Any CPU
		{C62A8C76-3C40-4485-A7FA-1073CB3A31E6}.Debug|Any CPU.Build.0 = Debug|Any CPU
		{C62A8C76-3C40-4485-A7FA-1073CB3A31E6}.Release|Any CPU.ActiveCfg = Release|Any CPU
		{C62A8C76-3C40-4485-A7FA-1073CB3A31E6}.Release|Any CPU.Build.0 = Release|Any CPU
	EndGlobalSection
	GlobalSection(NestedProjects) = preSolution
	EndGlobalSection
EndGlobal
